{
  "lockfileVersion": 1,
  "workspaces": {
    "": {
      "name": "TsWebApi",
      "dependencies": {
        "@elysiajs/cors": "^1.3.3",
        "@elysiajs/jwt": "^1.3.1",
        "@elysiajs/swagger": "^1.3.0",
        "@prisma/client": "^6.10.1",
        "dayjs": "^1.11.13",
        "elysia": "latest",
        "ioredis": "^5.6.1",
        "xid-ts": "^1.1.4",
      },
      "devDependencies": {
        "@mokabana/prisma-db-comments-generator-mysql": "^1.1.7",
        "bun-types": "latest",
        "prisma": "^6.10.1",
        "proxy-agent": "^6.5.0",
      },
    },
  },
  "packages": {
    "@elysiajs/cors": ["@elysiajs/cors@1.3.3", "https://registry.npmmirror.com/@elysiajs/cors/-/cors-1.3.3.tgz", { "peerDependencies": { "elysia": ">= 1.3.0" } }, "sha512-mYIU6PyMM6xIJuj7d27Vt0/wuzVKIEnFPjcvlkyd7t/m9xspAG37cwNjFxVOnyvY43oOd2I/oW2DB85utXpA2Q=="],

    "@elysiajs/jwt": ["@elysiajs/jwt@1.3.1", "https://registry.npmmirror.com/@elysiajs/jwt/-/jwt-1.3.1.tgz", { "dependencies": { "jose": "^6.0.11" }, "peerDependencies": { "elysia": ">= 1.3.0" } }, "sha512-BVLAp0ER4839bR82ElgTsI7OoPxvFWP5u02KMgqpNoAM6xirJBYTKqANzY9ghuMfQoVEuD4B1/8lZwdPKAVg9Q=="],

    "@elysiajs/swagger": ["@elysiajs/swagger@1.3.0", "https://registry.npmmirror.com/@elysiajs/swagger/-/swagger-1.3.0.tgz", { "dependencies": { "@scalar/themes": "^0.9.52", "@scalar/types": "^0.0.12", "openapi-types": "^12.1.3", "pathe": "^1.1.2" }, "peerDependencies": { "elysia": ">= 1.3.0" } }, "sha512-0fo3FWkDRPNYpowJvLz3jBHe9bFe6gruZUyf+feKvUEEMG9ZHptO1jolSoPE0ffFw1BgN1/wMsP19p4GRXKdfg=="],

    "@ioredis/commands": ["@ioredis/commands@1.2.0", "https://registry.npmmirror.com/@ioredis/commands/-/commands-1.2.0.tgz", {}, "sha512-Sx1pU8EM64o2BrqNpEO1CNLtKQwyhuXuqyfH7oGKCk+1a33d2r5saW8zNwm3j6BTExtjrv2BxTgzzkMwts6vGg=="],

    "@mokabana/prisma-db-comments-generator-mysql": ["@mokabana/prisma-db-comments-generator-mysql@1.1.7", "https://registry.npmmirror.com/@mokabana/prisma-db-comments-generator-mysql/-/prisma-db-comments-generator-mysql-1.1.7.tgz", { "dependencies": { "@prisma/generator-helper": "^5.0.0", "@prisma/internals": "^5.0.0" }, "bin": { "prisma-db-comments-generator-mysql": "dist/generator.js" } }, "sha512-gfNkyF0aZ77zHORALlti0qcEMMNLsjPS0g71K+emUtdQcfQgiBLhWs4lSCJaJmeQb/gp2ZSwDG2lUqt7Is+MpQ=="],

    "@prisma/client": ["@prisma/client@6.10.1", "https://registry.npmmirror.com/@prisma/client/-/client-6.10.1.tgz", { "peerDependencies": { "prisma": "*", "typescript": ">=5.1.0" }, "optionalPeers": ["prisma", "typescript"] }, "sha512-Re4pMlcUsQsUTAYMK7EJ4Bw2kg3WfZAAlr8GjORJaK4VOP6LxRQUQ1TuLnxcF42XqGkWQ36q5CQF1yVadANQ6w=="],

    "@prisma/config": ["@prisma/config@6.10.1", "https://registry.npmmirror.com/@prisma/config/-/config-6.10.1.tgz", { "dependencies": { "jiti": "2.4.2" } }, "sha512-kz4/bnqrOrzWo8KzYguN0cden4CzLJJ+2VSpKtF8utHS3l1JS0Lhv6BLwpOX6X9yNreTbZQZwewb+/BMPDCIYQ=="],

    "@prisma/debug": ["@prisma/debug@5.22.0", "https://registry.npmmirror.com/@prisma/debug/-/debug-5.22.0.tgz", {}, "sha512-AUt44v3YJeggO2ZU5BkXI7M4hu9BF2zzH2iF2V5pyXT/lRTyWiElZ7It+bRH1EshoMRxHgpYg4VB6rCM+mG5jQ=="],

    "@prisma/engines": ["@prisma/engines@6.10.1", "https://registry.npmmirror.com/@prisma/engines/-/engines-6.10.1.tgz", { "dependencies": { "@prisma/debug": "6.10.1", "@prisma/engines-version": "6.10.1-1.9b628578b3b7cae625e8c927178f15a170e74a9c", "@prisma/fetch-engine": "6.10.1", "@prisma/get-platform": "6.10.1" } }, "sha512-Q07P5rS2iPwk2IQr/rUQJ42tHjpPyFcbiH7PXZlV81Ryr9NYIgdxcUrwgVOWVm5T7ap02C0dNd1dpnNcSWig8A=="],

    "@prisma/engines-version": ["@prisma/engines-version@6.10.1-1.9b628578b3b7cae625e8c927178f15a170e74a9c", "https://registry.npmmirror.com/@prisma/engines-version/-/engines-version-6.10.1-1.9b628578b3b7cae625e8c927178f15a170e74a9c.tgz", {}, "sha512-ZJFTsEqapiTYVzXya6TUKYDFnSWCNegfUiG5ik9fleQva5Sk3DNyyUi7X1+0ZxWFHwHDr6BZV5Vm+iwP+LlciA=="],

    "@prisma/fetch-engine": ["@prisma/fetch-engine@5.22.0", "https://registry.npmmirror.com/@prisma/fetch-engine/-/fetch-engine-5.22.0.tgz", { "dependencies": { "@prisma/debug": "5.22.0", "@prisma/engines-version": "5.22.0-44.605197351a3c8bdd595af2d2a9bc3025bca48ea2", "@prisma/get-platform": "5.22.0" } }, "sha512-bkrD/Mc2fSvkQBV5EpoFcZ87AvOgDxbG99488a5cexp5Ccny+UM6MAe/UFkUC0wLYD9+9befNOqGiIJhhq+HbA=="],

    "@prisma/generator-helper": ["@prisma/generator-helper@5.22.0", "https://registry.npmmirror.com/@prisma/generator-helper/-/generator-helper-5.22.0.tgz", { "dependencies": { "@prisma/debug": "5.22.0" } }, "sha512-LwqcBQ5/QsuAaLNQZAIVIAJDJBMjHwMwn16e06IYx/3Okj/xEEfw9IvrqB2cJCl3b2mCBlh3eVH0w9WGmi4aHg=="],

    "@prisma/get-platform": ["@prisma/get-platform@5.22.0", "https://registry.npmmirror.com/@prisma/get-platform/-/get-platform-5.22.0.tgz", { "dependencies": { "@prisma/debug": "5.22.0" } }, "sha512-pHhpQdr1UPFpt+zFfnPazhulaZYCUqeIcPpJViYoq9R+D/yw4fjE+CtnsnKzPYm0ddUbeXUzjGVGIRVgPDCk4Q=="],

    "@prisma/internals": ["@prisma/internals@5.22.0", "https://registry.npmmirror.com/@prisma/internals/-/internals-5.22.0.tgz", { "dependencies": { "@prisma/debug": "5.22.0", "@prisma/engines": "5.22.0", "@prisma/fetch-engine": "5.22.0", "@prisma/generator-helper": "5.22.0", "@prisma/get-platform": "5.22.0", "@prisma/prisma-schema-wasm": "5.22.0-44.605197351a3c8bdd595af2d2a9bc3025bca48ea2", "@prisma/schema-files-loader": "5.22.0", "arg": "5.0.2", "prompts": "2.4.2" } }, "sha512-Rsjw2ARB9VQzDczzEimUriSBdXmYG/Z5tNRer2IEwof/O8Q6A9cqV3oNVUpJ52TgWfQqMAq5K/KEf8LvvYLLOw=="],

    "@prisma/prisma-schema-wasm": ["@prisma/prisma-schema-wasm@5.22.0-44.605197351a3c8bdd595af2d2a9bc3025bca48ea2", "https://registry.npmmirror.com/@prisma/prisma-schema-wasm/-/prisma-schema-wasm-5.22.0-44.605197351a3c8bdd595af2d2a9bc3025bca48ea2.tgz", {}, "sha512-WPNB7SgTxF/rSHMa5o5/9AIINy4oVnRhvUkRzqR4Nfp8Hu9Q2IyUptxuiDuzRVJdjJBRi/U82sHTxyiD3oBBhQ=="],

    "@prisma/schema-files-loader": ["@prisma/schema-files-loader@5.22.0", "https://registry.npmmirror.com/@prisma/schema-files-loader/-/schema-files-loader-5.22.0.tgz", { "dependencies": { "@prisma/prisma-schema-wasm": "5.22.0-44.605197351a3c8bdd595af2d2a9bc3025bca48ea2", "fs-extra": "11.1.1" } }, "sha512-/TNAJXvMSk6mCgZa+gIBM6sp5OUQBnb7rbjiSQm88gvcSibxEuKkVV/2pT3RmQpEAn1yiabvS4+dOvIotYe3ww=="],

    "@scalar/openapi-types": ["@scalar/openapi-types@0.1.1", "https://registry.npmmirror.com/@scalar/openapi-types/-/openapi-types-0.1.1.tgz", {}, "sha512-NMy3QNk6ytcCoPUGJH0t4NNr36OWXgZhA3ormr3TvhX1NDgoF95wFyodGVH8xiHeUyn2/FxtETm8UBLbB5xEmg=="],

    "@scalar/themes": ["@scalar/themes@0.9.86", "https://registry.npmmirror.com/@scalar/themes/-/themes-0.9.86.tgz", { "dependencies": { "@scalar/types": "0.1.7" } }, "sha512-QUHo9g5oSWi+0Lm1vJY9TaMZRau8LHg+vte7q5BVTBnu6NuQfigCaN+ouQ73FqIVd96TwMO6Db+dilK1B+9row=="],

    "@scalar/types": ["@scalar/types@0.0.12", "https://registry.npmmirror.com/@scalar/types/-/types-0.0.12.tgz", { "dependencies": { "@scalar/openapi-types": "0.1.1", "@unhead/schema": "^1.9.5" } }, "sha512-XYZ36lSEx87i4gDqopQlGCOkdIITHHEvgkuJFrXFATQs9zHARop0PN0g4RZYWj+ZpCUclOcaOjbCt8JGe22mnQ=="],

    "@sinclair/typebox": ["@sinclair/typebox@0.34.33", "https://registry.npmmirror.com/@sinclair/typebox/-/typebox-0.34.33.tgz", {}, "sha512-5HAV9exOMcXRUxo+9iYB5n09XxzCXnfy4VTNW4xnDv+FgjzAGY989C28BIdljKqmF+ZltUwujE3aossvcVtq6g=="],

    "@tokenizer/inflate": ["@tokenizer/inflate@0.2.7", "https://registry.npmmirror.com/@tokenizer/inflate/-/inflate-0.2.7.tgz", { "dependencies": { "debug": "^4.4.0", "fflate": "^0.8.2", "token-types": "^6.0.0" } }, "sha512-MADQgmZT1eKjp06jpI2yozxaU9uVs4GzzgSL+uEq7bVcJ9V1ZXQkeGNql1fsSI0gMy1vhvNTNbUqrx+pZfJVmg=="],

    "@tokenizer/token": ["@tokenizer/token@0.3.0", "https://registry.npmmirror.com/@tokenizer/token/-/token-0.3.0.tgz", {}, "sha512-OvjF+z51L3ov0OyAU0duzsYuvO01PH7x4t6DJx+guahgTnBHkhJdG7soQeTSFLWN3efnHyibZ4Z8l2EuWwJN3A=="],

    "@tootallnate/quickjs-emscripten": ["@tootallnate/quickjs-emscripten@0.23.0", "https://registry.npmmirror.com/@tootallnate/quickjs-emscripten/-/quickjs-emscripten-0.23.0.tgz", {}, "sha512-C5Mc6rdnsaJDjO3UpGW/CQTHtCKaYlScZTly4JIu97Jxo/odCiH0ITnDXSJPTOrEKk/ycSZ0AOgTmkDtkOsvIA=="],

    "@types/node": ["@types/node@22.14.1", "https://registry.npmmirror.com/@types/node/-/node-22.14.1.tgz", { "dependencies": { "undici-types": "~6.21.0" } }, "sha512-u0HuPQwe/dHrItgHHpmw3N2fYCR6x4ivMNbPHRkBVP4CvN+kiRrKHWk3i8tXiO/joPwXLMYvF9TTF0eqgHIuOw=="],

    "@unhead/schema": ["@unhead/schema@1.11.20", "https://registry.npmmirror.com/@unhead/schema/-/schema-1.11.20.tgz", { "dependencies": { "hookable": "^5.5.3", "zhead": "^2.2.4" } }, "sha512-0zWykKAaJdm+/Y7yi/Yds20PrUK7XabLe9c3IRcjnwYmSWY6z0Cr19VIs3ozCj8P+GhR+/TI2mwtGlueCEYouA=="],

    "agent-base": ["agent-base@7.1.3", "https://registry.npmmirror.com/agent-base/-/agent-base-7.1.3.tgz", {}, "sha512-jRR5wdylq8CkOe6hei19GGZnxM6rBGwFl3Bg0YItGDimvjGtAvdZk4Pu6Cl4u4Igsws4a1fd1Vq3ezrhn4KmFw=="],

    "arg": ["arg@5.0.2", "https://registry.npmmirror.com/arg/-/arg-5.0.2.tgz", {}, "sha512-PYjyFOLKQ9y57JvQ6QLo8dAgNqswh8M1RMJYdQduT6xbWSgK36P/Z/v+p888pM69jMMfS8Xd8F6I1kQ/I9HUGg=="],

    "ast-types": ["ast-types@0.13.4", "https://registry.npmmirror.com/ast-types/-/ast-types-0.13.4.tgz", { "dependencies": { "tslib": "^2.0.1" } }, "sha512-x1FCFnFifvYDDzTaLII71vG5uvDwgtmDTEVWAxrgeiR8VjMONcCXJx7E+USjDtHlwFmt9MysbqgF9b9Vjr6w+w=="],

    "basic-ftp": ["basic-ftp@5.0.5", "https://registry.npmmirror.com/basic-ftp/-/basic-ftp-5.0.5.tgz", {}, "sha512-4Bcg1P8xhUuqcii/S0Z9wiHIrQVPMermM1any+MX5GeGD7faD3/msQUDGLol9wOcz4/jbg/WJnGqoJF6LiBdtg=="],

    "bun-types": ["bun-types@1.2.17", "https://registry.npmmirror.com/bun-types/-/bun-types-1.2.17.tgz", { "dependencies": { "@types/node": "*" } }, "sha512-ElC7ItwT3SCQwYZDYoAH+q6KT4Fxjl8DtZ6qDulUFBmXA8YB4xo+l54J9ZJN+k2pphfn9vk7kfubeSd5QfTVJQ=="],

    "cluster-key-slot": ["cluster-key-slot@1.1.2", "https://registry.npmmirror.com/cluster-key-slot/-/cluster-key-slot-1.1.2.tgz", {}, "sha512-RMr0FhtfXemyinomL4hrWcYJxmX6deFdCxpJzhDttxgO1+bcCnkk+9drydLVDmAMG7NE6aN/fl4F7ucU/90gAA=="],

    "cookie": ["cookie@1.0.2", "https://registry.npmmirror.com/cookie/-/cookie-1.0.2.tgz", {}, "sha512-9Kr/j4O16ISv8zBBhJoi4bXOYNTkFLOqSL3UDB0njXxCXNezjeyVrJyGOWtgfs/q2km1gwBcfH8q1yEGoMYunA=="],

    "data-uri-to-buffer": ["data-uri-to-buffer@6.0.2", "https://registry.npmmirror.com/data-uri-to-buffer/-/data-uri-to-buffer-6.0.2.tgz", {}, "sha512-7hvf7/GW8e86rW0ptuwS3OcBGDjIi6SZva7hCyWC0yYry2cOPmLIjXAUHI6DK2HsnwJd9ifmt57i8eV2n4YNpw=="],

    "dayjs": ["dayjs@1.11.13", "https://registry.npmmirror.com/dayjs/-/dayjs-1.11.13.tgz", {}, "sha512-oaMBel6gjolK862uaPQOVTA7q3TZhuSvuMQAAglQDOWYO9A91IrAOUJEyKVlqJlHE0vq5p5UXxzdPfMH/x6xNg=="],

    "debug": ["debug@4.4.0", "https://registry.npmmirror.com/debug/-/debug-4.4.0.tgz", { "dependencies": { "ms": "^2.1.3" } }, "sha512-6WTZ/IxCY/T6BALoZHaE4ctp9xm+Z5kY/pzYaCHRFeyVhojxlrm+46y68HA6hr0TcwEssoxNiDEUJQjfPZ/RYA=="],

    "degenerator": ["degenerator@5.0.1", "https://registry.npmmirror.com/degenerator/-/degenerator-5.0.1.tgz", { "dependencies": { "ast-types": "^0.13.4", "escodegen": "^2.1.0", "esprima": "^4.0.1" } }, "sha512-TllpMR/t0M5sqCXfj85i4XaAzxmS5tVA16dqvdkMwGmzI+dXLXnw3J+3Vdv7VKw+ThlTMboK6i9rnZ6Nntj5CQ=="],

    "denque": ["denque@2.1.0", "https://registry.npmmirror.com/denque/-/denque-2.1.0.tgz", {}, "sha512-HVQE3AAb/pxF8fQAoiqpvg9i3evqug3hoiwakOyZAwJm+6vZehbkYXZ0l4JxS+I3QxM97v5aaRNhj8v5oBhekw=="],

    "elysia": ["elysia@1.3.5", "https://registry.npmmirror.com/elysia/-/elysia-1.3.5.tgz", { "dependencies": { "cookie": "^1.0.2", "exact-mirror": "0.1.2", "fast-decode-uri-component": "^1.0.1" }, "optionalDependencies": { "@sinclair/typebox": "^0.34.33", "openapi-types": "^12.1.3" }, "peerDependencies": { "file-type": ">= 20.0.0", "typescript": ">= 5.0.0" } }, "sha512-XVIKXlKFwUT7Sta8GY+wO5reD9I0rqAEtaz1Z71UgJb61csYt8Q3W9al8rtL5RgumuRR8e3DNdzlUN9GkC4KDw=="],

    "escodegen": ["escodegen@2.1.0", "https://registry.npmmirror.com/escodegen/-/escodegen-2.1.0.tgz", { "dependencies": { "esprima": "^4.0.1", "estraverse": "^5.2.0", "esutils": "^2.0.2" }, "optionalDependencies": { "source-map": "~0.6.1" }, "bin": { "esgenerate": "bin/esgenerate.js", "escodegen": "bin/escodegen.js" } }, "sha512-2NlIDTwUWJN0mRPQOdtQBzbUHvdGY2P1VXSyU83Q3xKxM7WHX2Ql8dKq782Q9TgQUNOLEzEYu9bzLNj1q88I5w=="],

    "esprima": ["esprima@4.0.1", "https://registry.npmmirror.com/esprima/-/esprima-4.0.1.tgz", { "bin": { "esparse": "./bin/esparse.js", "esvalidate": "./bin/esvalidate.js" } }, "sha512-eGuFFw7Upda+g4p+QHvnW0RyTX/SVeJBDM/gCtMARO0cLuT2HcEKnTPvhjV6aGeqrCB/sbNop0Kszm0jsaWU4A=="],

    "estraverse": ["estraverse@5.3.0", "https://registry.npmmirror.com/estraverse/-/estraverse-5.3.0.tgz", {}, "sha512-MMdARuVEQziNTeJD8DgMqmhwR11BRQ/cBP+pLtYdSTnf3MIO8fFeiINEbX36ZdNlfU/7A9f3gUw49B3oQsvwBA=="],

    "esutils": ["esutils@2.0.3", "https://registry.npmmirror.com/esutils/-/esutils-2.0.3.tgz", {}, "sha512-kVscqXk4OCp68SZ0dkgEKVi6/8ij300KBWTJq32P/dYeWTSwK41WyTxalN1eRmA5Z9UU/LX9D7FWSmV9SAYx6g=="],

    "exact-mirror": ["exact-mirror@0.1.2", "https://registry.npmmirror.com/exact-mirror/-/exact-mirror-0.1.2.tgz", { "peerDependencies": { "@sinclair/typebox": "^0.34.15" }, "optionalPeers": ["@sinclair/typebox"] }, "sha512-wFCPCDLmHbKGUb8TOi/IS7jLsgR8WVDGtDK3CzcB4Guf/weq7G+I+DkXiRSZfbemBFOxOINKpraM6ml78vo8Zw=="],

    "fast-decode-uri-component": ["fast-decode-uri-component@1.0.1", "https://registry.npmmirror.com/fast-decode-uri-component/-/fast-decode-uri-component-1.0.1.tgz", {}, "sha512-WKgKWg5eUxvRZGwW8FvfbaH7AXSh2cL+3j5fMGzUMCxWBJ3dV3a7Wz8y2f/uQ0e3B6WmodD3oS54jTQ9HVTIIg=="],

    "fflate": ["fflate@0.8.2", "https://registry.npmmirror.com/fflate/-/fflate-0.8.2.tgz", {}, "sha512-cPJU47OaAoCbg0pBvzsgpTPhmhqI5eJjh/JIu8tPj5q+T7iLvW/JAYUqmE7KOB4R1ZyEhzBaIQpQpardBF5z8A=="],

    "file-type": ["file-type@20.5.0", "https://registry.npmmirror.com/file-type/-/file-type-20.5.0.tgz", { "dependencies": { "@tokenizer/inflate": "^0.2.6", "strtok3": "^10.2.0", "token-types": "^6.0.0", "uint8array-extras": "^1.4.0" } }, "sha512-BfHZtG/l9iMm4Ecianu7P8HRD2tBHLtjXinm4X62XBOYzi7CYA7jyqfJzOvXHqzVrVPYqBo2/GvbARMaaJkKVg=="],

    "fs-extra": ["fs-extra@11.1.1", "https://registry.npmmirror.com/fs-extra/-/fs-extra-11.1.1.tgz", { "dependencies": { "graceful-fs": "^4.2.0", "jsonfile": "^6.0.1", "universalify": "^2.0.0" } }, "sha512-MGIE4HOvQCeUCzmlHs0vXpih4ysz4wg9qiSAu6cd42lVwPbTM1TjV7RusoyQqMmk/95gdQZX72u+YW+c3eEpFQ=="],

    "get-uri": ["get-uri@6.0.4", "https://registry.npmmirror.com/get-uri/-/get-uri-6.0.4.tgz", { "dependencies": { "basic-ftp": "^5.0.2", "data-uri-to-buffer": "^6.0.2", "debug": "^4.3.4" } }, "sha512-E1b1lFFLvLgak2whF2xDBcOy6NLVGZBqqjJjsIhvopKfWWEi64pLVTWWehV8KlLerZkfNTA95sTe2OdJKm1OzQ=="],

    "graceful-fs": ["graceful-fs@4.2.11", "https://registry.npmmirror.com/graceful-fs/-/graceful-fs-4.2.11.tgz", {}, "sha512-RbJ5/jmFcNNCcDV5o9eTnBLJ/HszWV0P73bc+Ff4nS/rJj+YaS6IGyiOL0VoBYX+l1Wrl3k63h/KrH+nhJ0XvQ=="],

    "hookable": ["hookable@5.5.3", "https://registry.npmmirror.com/hookable/-/hookable-5.5.3.tgz", {}, "sha512-Yc+BQe8SvoXH1643Qez1zqLRmbA5rCL+sSmk6TVos0LWVfNIB7PGncdlId77WzLGSIB5KaWgTaNTs2lNVEI6VQ=="],

    "http-proxy-agent": ["http-proxy-agent@7.0.2", "https://registry.npmmirror.com/http-proxy-agent/-/http-proxy-agent-7.0.2.tgz", { "dependencies": { "agent-base": "^7.1.0", "debug": "^4.3.4" } }, "sha512-T1gkAiYYDWYx3V5Bmyu7HcfcvL7mUrTWiM6yOfa3PIphViJ/gFPbvidQ+veqSOHci/PxBcDabeUNCzpOODJZig=="],

    "https-proxy-agent": ["https-proxy-agent@7.0.6", "https://registry.npmmirror.com/https-proxy-agent/-/https-proxy-agent-7.0.6.tgz", { "dependencies": { "agent-base": "^7.1.2", "debug": "4" } }, "sha512-vK9P5/iUfdl95AI+JVyUuIcVtd4ofvtrOr3HNtM2yxC9bnMbEdp3x01OhQNnjb8IJYi38VlTE3mBXwcfvywuSw=="],

    "ieee754": ["ieee754@1.2.1", "https://registry.npmmirror.com/ieee754/-/ieee754-1.2.1.tgz", {}, "sha512-dcyqhDvX1C46lXZcVqCpK+FtMRQVdIMN6/Df5js2zouUsqG7I6sFxitIC+7KYK29KdXOLHdu9zL4sFnoVQnqaA=="],

    "ioredis": ["ioredis@5.6.1", "https://registry.npmmirror.com/ioredis/-/ioredis-5.6.1.tgz", { "dependencies": { "@ioredis/commands": "^1.1.1", "cluster-key-slot": "^1.1.0", "debug": "^4.3.4", "denque": "^2.1.0", "lodash.defaults": "^4.2.0", "lodash.isarguments": "^3.1.0", "redis-errors": "^1.2.0", "redis-parser": "^3.0.0", "standard-as-callback": "^2.1.0" } }, "sha512-UxC0Yv1Y4WRJiGQxQkP0hfdL0/5/6YvdfOOClRgJ0qppSarkhneSa6UvkMkms0AkdGimSH3Ikqm+6mkMmX7vGA=="],

    "ip-address": ["ip-address@9.0.5", "https://registry.npmmirror.com/ip-address/-/ip-address-9.0.5.tgz", { "dependencies": { "jsbn": "1.1.0", "sprintf-js": "^1.1.3" } }, "sha512-zHtQzGojZXTwZTHQqra+ETKd4Sn3vgi7uBmlPoXVWZqYvuKmtI0l/VZTjqGmJY9x88GGOaZ9+G9ES8hC4T4X8g=="],

    "jiti": ["jiti@2.4.2", "https://registry.npmmirror.com/jiti/-/jiti-2.4.2.tgz", { "bin": { "jiti": "lib/jiti-cli.mjs" } }, "sha512-rg9zJN+G4n2nfJl5MW3BMygZX56zKPNVEYYqq7adpmMh4Jn2QNEwhvQlFy6jPVdcod7txZtKHWnyZiA3a0zP7A=="],

    "jose": ["jose@6.0.11", "https://registry.npmmirror.com/jose/-/jose-6.0.11.tgz", {}, "sha512-QxG7EaliDARm1O1S8BGakqncGT9s25bKL1WSf6/oa17Tkqwi8D2ZNglqCF+DsYF88/rV66Q/Q2mFAy697E1DUg=="],

    "jsbn": ["jsbn@1.1.0", "https://registry.npmmirror.com/jsbn/-/jsbn-1.1.0.tgz", {}, "sha512-4bYVV3aAMtDTTu4+xsDYa6sy9GyJ69/amsu9sYF2zqjiEoZA5xJi3BrfX3uY+/IekIu7MwdObdbDWpoZdBv3/A=="],

    "jsonfile": ["jsonfile@6.1.0", "https://registry.npmmirror.com/jsonfile/-/jsonfile-6.1.0.tgz", { "dependencies": { "universalify": "^2.0.0" }, "optionalDependencies": { "graceful-fs": "^4.1.6" } }, "sha512-5dgndWOriYSm5cnYaJNhalLNDKOqFwyDB/rr1E9ZsGciGvKPs8R2xYGCacuf3z6K1YKDz182fd+fY3cn3pMqXQ=="],

    "kleur": ["kleur@3.0.3", "https://registry.npmmirror.com/kleur/-/kleur-3.0.3.tgz", {}, "sha512-eTIzlVOSUR+JxdDFepEYcBMtZ9Qqdef+rnzWdRZuMbOywu5tO2w2N7rqjoANZ5k9vywhL6Br1VRjUIgTQx4E8w=="],

    "lodash.defaults": ["lodash.defaults@4.2.0", "https://registry.npmmirror.com/lodash.defaults/-/lodash.defaults-4.2.0.tgz", {}, "sha512-qjxPLHd3r5DnsdGacqOMU6pb/avJzdh9tFX2ymgoZE27BmjXrNy/y4LoaiTeAb+O3gL8AfpJGtqfX/ae2leYYQ=="],

    "lodash.isarguments": ["lodash.isarguments@3.1.0", "https://registry.npmmirror.com/lodash.isarguments/-/lodash.isarguments-3.1.0.tgz", {}, "sha512-chi4NHZlZqZD18a0imDHnZPrDeBbTtVN7GXMwuGdRH9qotxAjYs3aVLKc7zNOG9eddR5Ksd8rvFEBc9SsggPpg=="],

    "lru-cache": ["lru-cache@7.18.3", "https://registry.npmmirror.com/lru-cache/-/lru-cache-7.18.3.tgz", {}, "sha512-jumlc0BIUrS3qJGgIkWZsyfAM7NCWiBcCDhnd+3NNM5KbBmLTgHVfWBcg6W+rLUsIpzpERPsvwUP7CckAQSOoA=="],

    "ms": ["ms@2.1.3", "https://registry.npmmirror.com/ms/-/ms-2.1.3.tgz", {}, "sha512-6FlzubTLZG3J2a/NVCAleEhjzq5oxgHyaCU9yYXvcLsvoVaHJq/s5xXI6/XXP6tz7R9xAOtHnSO/tXtF3WRTlA=="],

    "nanoid": ["nanoid@5.1.5", "https://registry.npmmirror.com/nanoid/-/nanoid-5.1.5.tgz", { "bin": { "nanoid": "bin/nanoid.js" } }, "sha512-Ir/+ZpE9fDsNH0hQ3C68uyThDXzYcim2EqcZ8zn8Chtt1iylPT9xXJB0kPCnqzgcEGikO9RxSrh63MsmVCU7Fw=="],

    "netmask": ["netmask@2.0.2", "https://registry.npmmirror.com/netmask/-/netmask-2.0.2.tgz", {}, "sha512-dBpDMdxv9Irdq66304OLfEmQ9tbNRFnFTuZiLo+bD+r332bBmMJ8GBLXklIXXgxd3+v9+KUnZaUR5PJMa75Gsg=="],

    "openapi-types": ["openapi-types@12.1.3", "https://registry.npmmirror.com/openapi-types/-/openapi-types-12.1.3.tgz", {}, "sha512-N4YtSYJqghVu4iek2ZUvcN/0aqH1kRDuNqzcycDxhOUpg7GdvLa2F3DgS6yBNhInhv2r/6I0Flkn7CqL8+nIcw=="],

    "pac-proxy-agent": ["pac-proxy-agent@7.2.0", "https://registry.npmmirror.com/pac-proxy-agent/-/pac-proxy-agent-7.2.0.tgz", { "dependencies": { "@tootallnate/quickjs-emscripten": "^0.23.0", "agent-base": "^7.1.2", "debug": "^4.3.4", "get-uri": "^6.0.1", "http-proxy-agent": "^7.0.0", "https-proxy-agent": "^7.0.6", "pac-resolver": "^7.0.1", "socks-proxy-agent": "^8.0.5" } }, "sha512-TEB8ESquiLMc0lV8vcd5Ql/JAKAoyzHFXaStwjkzpOpC5Yv+pIzLfHvjTSdf3vpa2bMiUQrg9i6276yn8666aA=="],

    "pac-resolver": ["pac-resolver@7.0.1", "https://registry.npmmirror.com/pac-resolver/-/pac-resolver-7.0.1.tgz", { "dependencies": { "degenerator": "^5.0.0", "netmask": "^2.0.2" } }, "sha512-5NPgf87AT2STgwa2ntRMr45jTKrYBGkVU36yT0ig/n/GMAa3oPqhZfIQ2kMEimReg0+t9kZViDVZ83qfVUlckg=="],

    "pathe": ["pathe@1.1.2", "https://registry.npmmirror.com/pathe/-/pathe-1.1.2.tgz", {}, "sha512-whLdWMYL2TwI08hn8/ZqAbrVemu0LNaNNJZX73O6qaIdCTfXutsLhMkjdENX0qhsQ9uIimo4/aQOmXkoon2nDQ=="],

    "peek-readable": ["peek-readable@7.0.0", "https://registry.npmmirror.com/peek-readable/-/peek-readable-7.0.0.tgz", {}, "sha512-nri2TO5JE3/mRryik9LlHFT53cgHfRK0Lt0BAZQXku/AW3E6XLt2GaY8siWi7dvW/m1z0ecn+J+bpDa9ZN3IsQ=="],

    "prisma": ["prisma@6.10.1", "https://registry.npmmirror.com/prisma/-/prisma-6.10.1.tgz", { "dependencies": { "@prisma/config": "6.10.1", "@prisma/engines": "6.10.1" }, "peerDependencies": { "typescript": ">=5.1.0" }, "optionalPeers": ["typescript"], "bin": { "prisma": "build/index.js" } }, "sha512-khhlC/G49E4+uyA3T3H5PRBut486HD2bDqE2+rvkU0pwk9IAqGFacLFUyIx9Uw+W2eCtf6XGwsp+/strUwMNPw=="],

    "prompts": ["prompts@2.4.2", "https://registry.npmmirror.com/prompts/-/prompts-2.4.2.tgz", { "dependencies": { "kleur": "^3.0.3", "sisteransi": "^1.0.5" } }, "sha512-NxNv/kLguCA7p3jE8oL2aEBsrJWgAakBpgmgK6lpPWV+WuOmY6r2/zbAVnP+T8bQlA0nzHXSJSJW0Hq7ylaD2Q=="],

    "proxy-agent": ["proxy-agent@6.5.0", "https://registry.npmmirror.com/proxy-agent/-/proxy-agent-6.5.0.tgz", { "dependencies": { "agent-base": "^7.1.2", "debug": "^4.3.4", "http-proxy-agent": "^7.0.1", "https-proxy-agent": "^7.0.6", "lru-cache": "^7.14.1", "pac-proxy-agent": "^7.1.0", "proxy-from-env": "^1.1.0", "socks-proxy-agent": "^8.0.5" } }, "sha512-TmatMXdr2KlRiA2CyDu8GqR8EjahTG3aY3nXjdzFyoZbmB8hrBsTyMezhULIXKnC0jpfjlmiZ3+EaCzoInSu/A=="],

    "proxy-from-env": ["proxy-from-env@1.1.0", "https://registry.npmmirror.com/proxy-from-env/-/proxy-from-env-1.1.0.tgz", {}, "sha512-D+zkORCbA9f1tdWRK0RaCR3GPv50cMxcrz4X8k5LTSUD1Dkw47mKJEZQNunItRTkWwgtaUSo1RVFRIG9ZXiFYg=="],

    "redis-errors": ["redis-errors@1.2.0", "https://registry.npmmirror.com/redis-errors/-/redis-errors-1.2.0.tgz", {}, "sha512-1qny3OExCf0UvUV/5wpYKf2YwPcOqXzkwKKSmKHiE6ZMQs5heeE/c8eXK+PNllPvmjgAbfnsbpkGZWy8cBpn9w=="],

    "redis-parser": ["redis-parser@3.0.0", "https://registry.npmmirror.com/redis-parser/-/redis-parser-3.0.0.tgz", { "dependencies": { "redis-errors": "^1.0.0" } }, "sha512-DJnGAeenTdpMEH6uAJRK/uiyEIH9WVsUmoLwzudwGJUwZPp80PDBWPHXSAGNPwNvIXAbe7MSUB1zQFugFml66A=="],

    "sisteransi": ["sisteransi@1.0.5", "https://registry.npmmirror.com/sisteransi/-/sisteransi-1.0.5.tgz", {}, "sha512-bLGGlR1QxBcynn2d5YmDX4MGjlZvy2MRBDRNHLJ8VI6l6+9FUiyTFNJ0IveOSP0bcXgVDPRcfGqA0pjaqUpfVg=="],

    "smart-buffer": ["smart-buffer@4.2.0", "https://registry.npmmirror.com/smart-buffer/-/smart-buffer-4.2.0.tgz", {}, "sha512-94hK0Hh8rPqQl2xXc3HsaBoOXKV20MToPkcXvwbISWLEs+64sBq5kFgn2kJDHb1Pry9yrP0dxrCI9RRci7RXKg=="],

    "socks": ["socks@2.8.4", "https://registry.npmmirror.com/socks/-/socks-2.8.4.tgz", { "dependencies": { "ip-address": "^9.0.5", "smart-buffer": "^4.2.0" } }, "sha512-D3YaD0aRxR3mEcqnidIs7ReYJFVzWdd6fXJYUM8ixcQcJRGTka/b3saV0KflYhyVJXKhb947GndU35SxYNResQ=="],

    "socks-proxy-agent": ["socks-proxy-agent@8.0.5", "https://registry.npmmirror.com/socks-proxy-agent/-/socks-proxy-agent-8.0.5.tgz", { "dependencies": { "agent-base": "^7.1.2", "debug": "^4.3.4", "socks": "^2.8.3" } }, "sha512-HehCEsotFqbPW9sJ8WVYB6UbmIMv7kUUORIF2Nncq4VQvBfNBLibW9YZR5dlYCSUhwcD628pRllm7n+E+YTzJw=="],

    "source-map": ["source-map@0.6.1", "https://registry.npmmirror.com/source-map/-/source-map-0.6.1.tgz", {}, "sha512-UjgapumWlbMhkBgzT7Ykc5YXUT46F0iKu8SGXq0bcwP5dz/h0Plj6enJqjz1Zbq2l5WaqYnrVbwWOWMyF3F47g=="],

    "sprintf-js": ["sprintf-js@1.1.3", "https://registry.npmmirror.com/sprintf-js/-/sprintf-js-1.1.3.tgz", {}, "sha512-Oo+0REFV59/rz3gfJNKQiBlwfHaSESl1pcGyABQsnnIfWOFt6JNj5gCog2U6MLZ//IGYD+nA8nI+mTShREReaA=="],

    "standard-as-callback": ["standard-as-callback@2.1.0", "https://registry.npmmirror.com/standard-as-callback/-/standard-as-callback-2.1.0.tgz", {}, "sha512-qoRRSyROncaz1z0mvYqIE4lCd9p2R90i6GxW3uZv5ucSu8tU7B5HXUP1gG8pVZsYNVaXjk8ClXHPttLyxAL48A=="],

    "strtok3": ["strtok3@10.2.2", "https://registry.npmmirror.com/strtok3/-/strtok3-10.2.2.tgz", { "dependencies": { "@tokenizer/token": "^0.3.0", "peek-readable": "^7.0.0" } }, "sha512-Xt18+h4s7Z8xyZ0tmBoRmzxcop97R4BAh+dXouUDCYn+Em+1P3qpkUfI5ueWLT8ynC5hZ+q4iPEmGG1urvQGBg=="],

    "token-types": ["token-types@6.0.0", "https://registry.npmmirror.com/token-types/-/token-types-6.0.0.tgz", { "dependencies": { "@tokenizer/token": "^0.3.0", "ieee754": "^1.2.1" } }, "sha512-lbDrTLVsHhOMljPscd0yitpozq7Ga2M5Cvez5AjGg8GASBjtt6iERCAJ93yommPmz62fb45oFIXHEZ3u9bfJEA=="],

    "tslib": ["tslib@2.8.1", "https://registry.npmmirror.com/tslib/-/tslib-2.8.1.tgz", {}, "sha512-oJFu94HQb+KVduSUQL7wnpmqnfmLsOA/nAh6b6EH0wCEoK0/mPeXU6c3wKDV83MkOuHPRHtSXKKU99IBazS/2w=="],

    "type-fest": ["type-fest@4.40.0", "https://registry.npmmirror.com/type-fest/-/type-fest-4.40.0.tgz", {}, "sha512-ABHZ2/tS2JkvH1PEjxFDTUWC8dB5OsIGZP4IFLhR293GqT5Y5qB1WwL2kMPYhQW9DVgVD8Hd7I8gjwPIf5GFkw=="],

    "typescript": ["typescript@5.8.3", "https://registry.npmmirror.com/typescript/-/typescript-5.8.3.tgz", { "bin": { "tsc": "bin/tsc", "tsserver": "bin/tsserver" } }, "sha512-p1diW6TqL9L07nNxvRMM7hMMw4c5XOo/1ibL4aAIGmSAt9slTE1Xgw5KWuof2uTOvCg9BY7ZRi+GaF+7sfgPeQ=="],

    "uint8array-extras": ["uint8array-extras@1.4.0", "https://registry.npmmirror.com/uint8array-extras/-/uint8array-extras-1.4.0.tgz", {}, "sha512-ZPtzy0hu4cZjv3z5NW9gfKnNLjoz4y6uv4HlelAjDK7sY/xOkKZv9xK/WQpcsBB3jEybChz9DPC2U/+cusjJVQ=="],

    "undici-types": ["undici-types@6.21.0", "https://registry.npmmirror.com/undici-types/-/undici-types-6.21.0.tgz", {}, "sha512-iwDZqg0QAGrg9Rav5H4n0M64c3mkR59cJ6wQp+7C4nI0gsmExaedaYLNO44eT4AtBBwjbTiGPMlt2Md0T9H9JQ=="],

    "universalify": ["universalify@2.0.1", "https://registry.npmmirror.com/universalify/-/universalify-2.0.1.tgz", {}, "sha512-gptHNQghINnc/vTGIk0SOFGFNXw7JVrlRUtConJRlvaw6DuX0wO5Jeko9sWrMBhh+PsYAZ7oXAiOnf/UKogyiw=="],

    "xid-ts": ["xid-ts@1.1.4", "https://registry.npmmirror.com/xid-ts/-/xid-ts-1.1.4.tgz", {}, "sha512-bdBn9nW1e8O/dcrNYhAHJ+Iabe384mLoPkRypAylyazI+AfJnV0JMIoH/1DUnsdcCHLn/ZEH7Pt5kRUH4xnJdA=="],

    "zhead": ["zhead@2.2.4", "https://registry.npmmirror.com/zhead/-/zhead-2.2.4.tgz", {}, "sha512-8F0OI5dpWIA5IGG5NHUg9staDwz/ZPxZtvGVf01j7vHqSyZ0raHY+78atOVxRqb73AotX22uV1pXt3gYSstGag=="],

    "zod": ["zod@3.24.3", "https://registry.npmmirror.com/zod/-/zod-3.24.3.tgz", {}, "sha512-HhY1oqzWCQWuUqvBFnsyrtZRhyPeR7SUGv+C4+MsisMuVfSPx8HpwWqH8tRahSlt6M3PiFAcoeFhZAqIXTxoSg=="],

    "@prisma/engines/@prisma/debug": ["@prisma/debug@6.10.1", "https://registry.npmmirror.com/@prisma/debug/-/debug-6.10.1.tgz", {}, "sha512-k2YT53cWxv9OLjW4zSYTZ6Z7j0gPfCzcr2Mj99qsuvlxr8WAKSZ2NcSR0zLf/mP4oxnYG842IMj3utTgcd7CaA=="],

    "@prisma/engines/@prisma/fetch-engine": ["@prisma/fetch-engine@6.10.1", "https://registry.npmmirror.com/@prisma/fetch-engine/-/fetch-engine-6.10.1.tgz", { "dependencies": { "@prisma/debug": "6.10.1", "@prisma/engines-version": "6.10.1-1.9b628578b3b7cae625e8c927178f15a170e74a9c", "@prisma/get-platform": "6.10.1" } }, "sha512-clmbG/Jgmrc/n6Y77QcBmAUlq9LrwI9Dbgy4pq5jeEARBpRCWJDJ7PWW1P8p0LfFU0i5fsyO7FqRzRB8mkdS4g=="],

    "@prisma/engines/@prisma/get-platform": ["@prisma/get-platform@6.10.1", "https://registry.npmmirror.com/@prisma/get-platform/-/get-platform-6.10.1.tgz", { "dependencies": { "@prisma/debug": "6.10.1" } }, "sha512-4CY5ndKylcsce9Mv+VWp5obbR2/86SHOLVV053pwIkhVtT9C9A83yqiqI/5kJM9T1v1u1qco/bYjDKycmei9HA=="],

    "@prisma/fetch-engine/@prisma/engines-version": ["@prisma/engines-version@5.22.0-44.605197351a3c8bdd595af2d2a9bc3025bca48ea2", "https://registry.npmmirror.com/@prisma/engines-version/-/engines-version-5.22.0-44.605197351a3c8bdd595af2d2a9bc3025bca48ea2.tgz", {}, "sha512-2PTmxFR2yHW/eB3uqWtcgRcgAbG1rwG9ZriSvQw+nnb7c4uCr3RAcGMb6/zfE88SKlC1Nj2ziUvc96Z379mHgQ=="],

    "@prisma/internals/@prisma/engines": ["@prisma/engines@5.22.0", "https://registry.npmmirror.com/@prisma/engines/-/engines-5.22.0.tgz", { "dependencies": { "@prisma/debug": "5.22.0", "@prisma/engines-version": "5.22.0-44.605197351a3c8bdd595af2d2a9bc3025bca48ea2", "@prisma/fetch-engine": "5.22.0", "@prisma/get-platform": "5.22.0" } }, "sha512-UNjfslWhAt06kVL3CjkuYpHAWSO6L4kDCVPegV6itt7nD1kSJavd3vhgAEhjglLJJKEdJ7oIqDJ+yHk6qO8gPA=="],

    "@scalar/themes/@scalar/types": ["@scalar/types@0.1.7", "https://registry.npmmirror.com/@scalar/types/-/types-0.1.7.tgz", { "dependencies": { "@scalar/openapi-types": "0.2.0", "@unhead/schema": "^1.11.11", "nanoid": "^5.1.5", "type-fest": "^4.20.0", "zod": "^3.23.8" } }, "sha512-irIDYzTQG2KLvFbuTI8k2Pz/R4JR+zUUSykVTbEMatkzMmVFnn1VzNSMlODbadycwZunbnL2tA27AXed9URVjw=="],

    "@prisma/internals/@prisma/engines/@prisma/engines-version": ["@prisma/engines-version@5.22.0-44.605197351a3c8bdd595af2d2a9bc3025bca48ea2", "https://registry.npmmirror.com/@prisma/engines-version/-/engines-version-5.22.0-44.605197351a3c8bdd595af2d2a9bc3025bca48ea2.tgz", {}, "sha512-2PTmxFR2yHW/eB3uqWtcgRcgAbG1rwG9ZriSvQw+nnb7c4uCr3RAcGMb6/zfE88SKlC1Nj2ziUvc96Z379mHgQ=="],

    "@scalar/themes/@scalar/types/@scalar/openapi-types": ["@scalar/openapi-types@0.2.0", "https://registry.npmmirror.com/@scalar/openapi-types/-/openapi-types-0.2.0.tgz", { "dependencies": { "zod": "^3.23.8" } }, "sha512-waiKk12cRCqyUCWTOX0K1WEVX46+hVUK+zRPzAahDJ7G0TApvbNkuy5wx7aoUyEk++HHde0XuQnshXnt8jsddA=="],
  }
}
